
Microsoft Visual Studio Solution File, Format Version 12.00
Project("{FAE04EC0-301F-11D3-BF4B-00C04F79EFBC}") = "part1", "part1\part1.csproj", "{1FCCBD3E-BFBC-4636-AB8E-32C9E1103471}"
EndProject
Global
	GlobalSection(SolutionConfigurationPlatforms) = preSolution
		Debug|Any CPU = Debug|Any CPU
		Release|Any CPU = Release|Any CPU
	EndGlobalSection
	GlobalSection(ProjectConfigurationPlatforms) = postSolution
		{1FCCBD3E-BFBC-4636-AB8E-32C9E1103471}.Debug|Any CPU.ActiveCfg = Debug|Any CPU
		{1FCCBD3E-BFBC-4636-AB8E-32C9E1103471}.Debug|Any CPU.Build.0 = Debug|Any CPU
		{1FCCBD3E-BFBC-4636-AB8E-32C9E1103471}.Release|Any CPU.ActiveCfg = Release|Any CPU
		{1FCCBD3E-BFBC-4636-AB8E-32C9E1103471}.Release|Any CPU.Build.0 = Release|Any CPU
	EndGlobalSection
EndGlobal
